
Microsoft Visual Studio Solution File, Format Version 12.00
# Visual Studio Version 17
VisualStudioVersion = 17.10.35027.167
MinimumVisualStudioVersion = 10.0.40219.1
Project("{FAE04EC0-301F-11D3-BF4B-00C04F79EFBC}") = "HTTPClient", "HTTPClient\HTTPClient.csproj", "{C5AFBB37-A0B6-4A9F-858B-2442A336FDFF}"
EndProject
Global
	GlobalSection(SolutionConfigurationPlatforms) = preSolution
		Debug|Any CPU = Debug|Any CPU
		Release|Any CPU = Release|Any CPU
	EndGlobalSection
	GlobalSection(ProjectConfigurationPlatforms) = postSolution
		{C5AFBB37-A0B6-4A9F-858B-2442A336FDFF}.Debug|Any CPU.ActiveCfg = Debug|Any CPU
		{C5AFBB37-A0B6-4A9F-858B-2442A336FDFF}.Debug|Any CPU.Build.0 = Debug|Any CPU
		{C5AFBB37-A0B6-4A9F-858B-2442A336FDFF}.Debug|Any CPU.Deploy.0 = Debug|Any CPU
		{C5AFBB37-A0B6-4A9F-858B-2442A336FDFF}.Release|Any CPU.ActiveCfg = Release|Any CPU
		{C5AFBB37-A0B6-4A9F-858B-2442A336FDFF}.Release|Any CPU.Build.0 = Release|Any CPU
		{C5AFBB37-A0B6-4A9F-858B-2442A336FDFF}.Release|Any CPU.Deploy.0 = Release|Any CPU
	EndGlobalSection
	GlobalSection(SolutionProperties) = preSolution
		HideSolutionNode = FALSE
	EndGlobalSection
	GlobalSection(ExtensibilityGlobals) = postSolution
		SolutionGuid = {0A6913ED-FEA5-449C-B60A-663803A9A6E9}
	EndGlobalSection
EndGlobal
